
Microsoft Visual Studio Solution File, Format Version 12.00
# Visual Studio Version 16
VisualStudioVersion = 16.0.31729.503
MinimumVisualStudioVersion = 10.0.40219.1
Project("{9A19103F-16F7-4668-BE54-9A1E7A4F7556}") = "StoneMass", "StoneMass\StoneMass.csproj", "{B2E5075B-A6FA-496E-A372-283F9942D214}"
EndProject
Global
	GlobalSection(SolutionConfigurationPlatforms) = preSolution
		Debug|Any CPU = Debug|Any CPU
		Release|Any CPU = Release|Any CPU
	EndGlobalSection
	GlobalSection(ProjectConfigurationPlatforms) = postSolution
		{B2E5075B-A6FA-496E-A372-283F9942D214}.Debug|Any CPU.ActiveCfg = Debug|Any CPU
		{B2E5075B-A6FA-496E-A372-283F9942D214}.Debug|Any CPU.Build.0 = Debug|Any CPU
		{B2E5075B-A6FA-496E-A372-283F9942D214}.Release|Any CPU.ActiveCfg = Release|Any CPU
		{B2E5075B-A6FA-496E-A372-283F9942D214}.Release|Any CPU.Build.0 = Release|Any CPU
	EndGlobalSection
	GlobalSection(SolutionProperties) = preSolution
		HideSolutionNode = FALSE
	EndGlobalSection
	GlobalSection(ExtensibilityGlobals) = postSolution
		SolutionGuid = {38DBF206-7B52-4B29-AB68-76C004B225C2}
	EndGlobalSection
EndGlobal
